// !$*UTF8*$!
{
	archiveVersion = 1;
	classes = {
	};
	objectVersion = 52;
	objects = {

/* Begin PBXBuildFile section */
		B75B48BD25C2F1A500F475DC /* RedditFeedManager.swift in Sources */ = {isa = PBXBuildFile; fileRef = B75B48BC25C2F1A500F475DC /* RedditFeedManager.swift */; };
		B75B491525C32B2500F475DC /* FeedResponseParser.swift in Sources */ = {isa = PBXBuildFile; fileRef = B75B491425C32B2500F475DC /* FeedResponseParser.swift */; };
		B75B492B25C3593C00F475DC /* TrueDateFormatter in Frameworks */ = {isa = PBXBuildFile; productRef = B75B492A25C3593C00F475DC /* TrueDateFormatter */; };
		B761707E25C1996B0023502A /* AppDelegate.swift in Sources */ = {isa = PBXBuildFile; fileRef = B761707D25C1996B0023502A /* AppDelegate.swift */; };
		B761708225C1996B0023502A /* SplashViewController.swift in Sources */ = {isa = PBXBuildFile; fileRef = B761708125C1996B0023502A /* SplashViewController.swift */; };
		B761708525C1996B0023502A /* Splash.storyboard in Resources */ = {isa = PBXBuildFile; fileRef = B761708325C1996B0023502A /* Splash.storyboard */; };
		B761708725C1996D0023502A /* Assets.xcassets in Resources */ = {isa = PBXBuildFile; fileRef = B761708625C1996D0023502A /* Assets.xcassets */; };
		B761708A25C1996D0023502A /* LaunchScreen.storyboard in Resources */ = {isa = PBXBuildFile; fileRef = B761708825C1996D0023502A /* LaunchScreen.storyboard */; };
		B761709C25C1A4780023502A /* FeedViewController.swift in Sources */ = {isa = PBXBuildFile; fileRef = B761709B25C1A4780023502A /* FeedViewController.swift */; };
		B76170A725C1A8200023502A /* FeedPost.swift in Sources */ = {isa = PBXBuildFile; fileRef = B76170A625C1A8200023502A /* FeedPost.swift */; };
		B76170AA25C1A89D0023502A /* FeedCell.swift in Sources */ = {isa = PBXBuildFile; fileRef = B76170A925C1A89D0023502A /* FeedCell.swift */; };
		B76170AD25C1A8ED0023502A /* Feed.storyboard in Resources */ = {isa = PBXBuildFile; fileRef = B76170AC25C1A8ED0023502A /* Feed.storyboard */; };
		B76170B225C1AC9F0023502A /* FeedManager.swift in Sources */ = {isa = PBXBuildFile; fileRef = B76170B125C1AC9F0023502A /* FeedManager.swift */; };
		B77D3E3225C2C02000DD2809 /* LoadingImageView in Frameworks */ = {isa = PBXBuildFile; productRef = B77D3E3125C2C02000DD2809 /* LoadingImageView */; };
		B77D3E5F25C2C10200DD2809 /* Core.framework in Frameworks */ = {isa = PBXBuildFile; fileRef = B77D3E5E25C2C10200DD2809 /* Core.framework */; };
/* End PBXBuildFile section */

/* Begin PBXFileReference section */
		B75B48BC25C2F1A500F475DC /* RedditFeedManager.swift */ = {isa = PBXFileReference; lastKnownFileType = sourcecode.swift; path = RedditFeedManager.swift; sourceTree = "<group>"; };
		B75B491425C32B2500F475DC /* FeedResponseParser.swift */ = {isa = PBXFileReference; lastKnownFileType = sourcecode.swift; path = FeedResponseParser.swift; sourceTree = "<group>"; };
		B761707A25C1996B0023502A /* App.app */ = {isa = PBXFileReference; explicitFileType = wrapper.application; includeInIndex = 0; path = App.app; sourceTree = BUILT_PRODUCTS_DIR; };
		B761707D25C1996B0023502A /* AppDelegate.swift */ = {isa = PBXFileReference; lastKnownFileType = sourcecode.swift; path = AppDelegate.swift; sourceTree = "<group>"; };
		B761708125C1996B0023502A /* SplashViewController.swift */ = {isa = PBXFileReference; lastKnownFileType = sourcecode.swift; path = SplashViewController.swift; sourceTree = "<group>"; };
		B761708425C1996B0023502A /* Base */ = {isa = PBXFileReference; lastKnownFileType = file.storyboard; name = Base; path = Base.lproj/Splash.storyboard; sourceTree = "<group>"; };
		B761708625C1996D0023502A /* Assets.xcassets */ = {isa = PBXFileReference; lastKnownFileType = folder.assetcatalog; path = Assets.xcassets; sourceTree = "<group>"; };
		B761708925C1996D0023502A /* Base */ = {isa = PBXFileReference; lastKnownFileType = file.storyboard; name = Base; path = Base.lproj/LaunchScreen.storyboard; sourceTree = "<group>"; };
		B761708B25C1996D0023502A /* Info.plist */ = {isa = PBXFileReference; lastKnownFileType = text.plist.xml; path = Info.plist; sourceTree = "<group>"; };
		B761709B25C1A4780023502A /* FeedViewController.swift */ = {isa = PBXFileReference; lastKnownFileType = sourcecode.swift; path = FeedViewController.swift; sourceTree = "<group>"; };
		B76170A625C1A8200023502A /* FeedPost.swift */ = {isa = PBXFileReference; lastKnownFileType = sourcecode.swift; path = FeedPost.swift; sourceTree = "<group>"; };
		B76170A925C1A89D0023502A /* FeedCell.swift */ = {isa = PBXFileReference; lastKnownFileType = sourcecode.swift; path = FeedCell.swift; sourceTree = "<group>"; };
		B76170AC25C1A8ED0023502A /* Feed.storyboard */ = {isa = PBXFileReference; lastKnownFileType = file.storyboard; path = Feed.storyboard; sourceTree = "<group>"; };
		B76170B125C1AC9F0023502A /* FeedManager.swift */ = {isa = PBXFileReference; lastKnownFileType = sourcecode.swift; path = FeedManager.swift; sourceTree = "<group>"; };
		B77D3E5E25C2C10200DD2809 /* Core.framework */ = {isa = PBXFileReference; explicitFileType = wrapper.framework; path = Core.framework; sourceTree = BUILT_PRODUCTS_DIR; };
/* End PBXFileReference section */

/* Begin PBXFrameworksBuildPhase section */
		B761707725C1996B0023502A /* Frameworks */ = {
			isa = PBXFrameworksBuildPhase;
			buildActionMask = 2147483647;
			files = (
				B77D3E3225C2C02000DD2809 /* LoadingImageView in Frameworks */,
				B77D3E5F25C2C10200DD2809 /* Core.framework in Frameworks */,
				B75B492B25C3593C00F475DC /* TrueDateFormatter in Frameworks */,
			);
			runOnlyForDeploymentPostprocessing = 0;
		};
/* End PBXFrameworksBuildPhase section */

/* Begin PBXGroup section */
		B761707125C1996B0023502A = {
			isa = PBXGroup;
			children = (
				B761707C25C1996B0023502A /* App */,
				B761707B25C1996B0023502A /* Products */,
				B77D3E3025C2C02000DD2809 /* Frameworks */,
			);
			sourceTree = "<group>";
		};
		B761707B25C1996B0023502A /* Products */ = {
			isa = PBXGroup;
			children = (
				B761707A25C1996B0023502A /* App.app */,
			);
			name = Products;
			sourceTree = "<group>";
		};
		B761707C25C1996B0023502A /* App */ = {
			isa = PBXGroup;
			children = (
				B76170B025C1AC720023502A /* Manager */,
				B761709325C199D70023502A /* Resources */,
				B761709425C19A540023502A /* Required */,
				B761709825C1A4490023502A /* Splash */,
				B761709A25C1A45A0023502A /* Feed */,
			);
			path = App;
			sourceTree = "<group>";
		};
		B761709325C199D70023502A /* Resources */ = {
			isa = PBXGroup;
			children = (
				B761708625C1996D0023502A /* Assets.xcassets */,
			);
			path = Resources;
			sourceTree = "<group>";
		};
		B761709425C19A540023502A /* Required */ = {
			isa = PBXGroup;
			children = (
				B761707D25C1996B0023502A /* AppDelegate.swift */,
				B761708825C1996D0023502A /* LaunchScreen.storyboard */,
				B761708B25C1996D0023502A /* Info.plist */,
			);
			name = Required;
			sourceTree = "<group>";
		};
		B761709825C1A4490023502A /* Splash */ = {
			isa = PBXGroup;
			children = (
				B761708125C1996B0023502A /* SplashViewController.swift */,
				B761708325C1996B0023502A /* Splash.storyboard */,
			);
			path = Splash;
			sourceTree = "<group>";
		};
		B761709A25C1A45A0023502A /* Feed */ = {
			isa = PBXGroup;
			children = (
				B76170AC25C1A8ED0023502A /* Feed.storyboard */,
				B761709B25C1A4780023502A /* FeedViewController.swift */,
				B76170A625C1A8200023502A /* FeedPost.swift */,
				B76170A925C1A89D0023502A /* FeedCell.swift */,
			);
			path = Feed;
			sourceTree = "<group>";
		};
		B76170B025C1AC720023502A /* Manager */ = {
			isa = PBXGroup;
			children = (
				B76170B125C1AC9F0023502A /* FeedManager.swift */,
				B75B48BC25C2F1A500F475DC /* RedditFeedManager.swift */,
				B75B491425C32B2500F475DC /* FeedResponseParser.swift */,
			);
			path = Manager;
			sourceTree = "<group>";
		};
		B77D3E3025C2C02000DD2809 /* Frameworks */ = {
			isa = PBXGroup;
			children = (
				B77D3E5E25C2C10200DD2809 /* Core.framework */,
			);
			name = Frameworks;
			sourceTree = "<group>";
		};
/* End PBXGroup section */

/* Begin PBXNativeTarget section */
		B761707925C1996B0023502A /* App */ = {
			isa = PBXNativeTarget;
			buildConfigurationList = B761708E25C1996D0023502A /* Build configuration list for PBXNativeTarget "App" */;
			buildPhases = (
				B761707625C1996B0023502A /* Sources */,
				B761707725C1996B0023502A /* Frameworks */,
				B761707825C1996B0023502A /* Resources */,
			);
			buildRules = (
			);
			dependencies = (
			);
			name = App;
			packageProductDependencies = (
				B77D3E3125C2C02000DD2809 /* LoadingImageView */,
				B75B492A25C3593C00F475DC /* TrueDateFormatter */,
			);
			productName = App;
			productReference = B761707A25C1996B0023502A /* App.app */;
			productType = "com.apple.product-type.application";
		};
/* End PBXNativeTarget section */

/* Begin PBXProject section */
		B761707225C1996B0023502A /* Project object */ = {
			isa = PBXProject;
			attributes = {
				LastSwiftUpdateCheck = 1230;
				LastUpgradeCheck = 1230;
				TargetAttributes = {
					B761707925C1996B0023502A = {
						CreatedOnToolsVersion = 12.3;
					};
				};
			};
			buildConfigurationList = B761707525C1996B0023502A /* Build configuration list for PBXProject "App" */;
			compatibilityVersion = "Xcode 9.3";
			developmentRegion = en;
			hasScannedForEncodings = 0;
			knownRegions = (
				en,
				Base,
			);
			mainGroup = B761707125C1996B0023502A;
			productRefGroup = B761707B25C1996B0023502A /* Products */;
			projectDirPath = "";
			projectRoot = "";
			targets = (
				B761707925C1996B0023502A /* App */,
			);
		};
/* End PBXProject section */

/* Begin PBXResourcesBuildPhase section */
		B761707825C1996B0023502A /* Resources */ = {
			isa = PBXResourcesBuildPhase;
			buildActionMask = 2147483647;
			files = (
				B761708A25C1996D0023502A /* LaunchScreen.storyboard in Resources */,
				B761708725C1996D0023502A /* Assets.xcassets in Resources */,
				B76170AD25C1A8ED0023502A /* Feed.storyboard in Resources */,
				B761708525C1996B0023502A /* Splash.storyboard in Resources */,
			);
			runOnlyForDeploymentPostprocessing = 0;
		};
/* End PBXResourcesBuildPhase section */

/* Begin PBXSourcesBuildPhase section */
		B761707625C1996B0023502A /* Sources */ = {
			isa = PBXSourcesBuildPhase;
			buildActionMask = 2147483647;
			files = (
				B761708225C1996B0023502A /* SplashViewController.swift in Sources */,
				B761709C25C1A4780023502A /* FeedViewController.swift in Sources */,
				B76170A725C1A8200023502A /* FeedPost.swift in Sources */,
				B76170B225C1AC9F0023502A /* FeedManager.swift in Sources */,
				B75B48BD25C2F1A500F475DC /* RedditFeedManager.swift in Sources */,
				B761707E25C1996B0023502A /* AppDelegate.swift in Sources */,
				B76170AA25C1A89D0023502A /* FeedCell.swift in Sources */,
				B75B491525C32B2500F475DC /* FeedResponseParser.swift in Sources */,
			);
			runOnlyForDeploymentPostprocessing = 0;
		};
/* End PBXSourcesBuildPhase section */

/* Begin PBXVariantGroup section */
		B761708325C1996B0023502A /* Splash.storyboard */ = {
			isa = PBXVariantGroup;
			children = (
				B761708425C1996B0023502A /* Base */,
			);
			name = Splash.storyboard;
			sourceTree = "<group>";
		};
		B761708825C1996D0023502A /* LaunchScreen.storyboard */ = {
			isa = PBXVariantGroup;
			children = (
				B761708925C1996D0023502A /* Base */,
			);
			name = LaunchScreen.storyboard;
			sourceTree = "<group>";
		};
/* End PBXVariantGroup section */

/* Begin XCBuildConfiguration section */
		B761708C25C1996D0023502A /* Debug */ = {
			isa = XCBuildConfiguration;
			buildSettings = {
				ALWAYS_SEARCH_USER_PATHS = NO;
				CLANG_ANALYZER_NONNULL = YES;
				CLANG_ANALYZER_NUMBER_OBJECT_CONVERSION = YES_AGGRESSIVE;
				CLANG_CXX_LANGUAGE_STANDARD = "gnu++14";
				CLANG_CXX_LIBRARY = "libc++";
				CLANG_ENABLE_MODULES = YES;
				CLANG_ENABLE_OBJC_ARC = YES;
				CLANG_ENABLE_OBJC_WEAK = YES;
				CLANG_WARN_BLOCK_CAPTURE_AUTORELEASING = YES;
				CLANG_WARN_BOOL_CONVERSION = YES;
				CLANG_WARN_COMMA = YES;
				CLANG_WARN_CONSTANT_CONVERSION = YES;
				CLANG_WARN_DEPRECATED_OBJC_IMPLEMENTATIONS = YES;
				CLANG_WARN_DIRECT_OBJC_ISA_USAGE = YES_ERROR;
				CLANG_WARN_DOCUMENTATION_COMMENTS = YES;
				CLANG_WARN_EMPTY_BODY = YES;
				CLANG_WARN_ENUM_CONVERSION = YES;
				CLANG_WARN_INFINITE_RECURSION = YES;
				CLANG_WARN_INT_CONVERSION = YES;
				CLANG_WARN_NON_LITERAL_NULL_CONVERSION = YES;
				CLANG_WARN_OBJC_IMPLICIT_RETAIN_SELF = YES;
				CLANG_WARN_OBJC_LITERAL_CONVERSION = YES;
				CLANG_WARN_OBJC_ROOT_CLASS = YES_ERROR;
				CLANG_WARN_QUOTED_INCLUDE_IN_FRAMEWORK_HEADER = YES;
				CLANG_WARN_RANGE_LOOP_ANALYSIS = YES;
				CLANG_WARN_STRICT_PROTOTYPES = YES;
				CLANG_WARN_SUSPICIOUS_MOVE = YES;
				CLANG_WARN_UNGUARDED_AVAILABILITY = YES_AGGRESSIVE;
				CLANG_WARN_UNREACHABLE_CODE = YES;
				CLANG_WARN__DUPLICATE_METHOD_MATCH = YES;
				COPY_PHASE_STRIP = NO;
				DEBUG_INFORMATION_FORMAT = dwarf;
				ENABLE_STRICT_OBJC_MSGSEND = YES;
				ENABLE_TESTABILITY = YES;
				GCC_C_LANGUAGE_STANDARD = gnu11;
				GCC_DYNAMIC_NO_PIC = NO;
				GCC_NO_COMMON_BLOCKS = YES;
				GCC_OPTIMIZATION_LEVEL = 0;
				GCC_PREPROCESSOR_DEFINITIONS = (
					"DEBUG=1",
					"$(inherited)",
				);
				GCC_WARN_64_TO_32_BIT_CONVERSION = YES;
				GCC_WARN_ABOUT_RETURN_TYPE = YES_ERROR;
				GCC_WARN_UNDECLARED_SELECTOR = YES;
				GCC_WARN_UNINITIALIZED_AUTOS = YES_AGGRESSIVE;
				GCC_WARN_UNUSED_FUNCTION = YES;
				GCC_WARN_UNUSED_VARIABLE = YES;
				IPHONEOS_DEPLOYMENT_TARGET = 14.3;
				MTL_ENABLE_DEBUG_INFO = INCLUDE_SOURCE;
				MTL_FAST_MATH = YES;
				ONLY_ACTIVE_ARCH = YES;
				SDKROOT = iphoneos;
				SWIFT_ACTIVE_COMPILATION_CONDITIONS = DEBUG;
				SWIFT_OPTIMIZATION_LEVEL = "-Onone";
			};
			name = Debug;
		};
		B761708D25C1996D0023502A /* Release */ = {
			isa = XCBuildConfiguration;
			buildSettings = {
				ALWAYS_SEARCH_USER_PATHS = NO;
				CLANG_ANALYZER_NONNULL = YES;
				CLANG_ANALYZER_NUMBER_OBJECT_CONVERSION = YES_AGGRESSIVE;
				CLANG_CXX_LANGUAGE_STANDARD = "gnu++14";
				CLANG_CXX_LIBRARY = "libc++";
				CLANG_ENABLE_MODULES = YES;
				CLANG_ENABLE_OBJC_ARC = YES;
				CLANG_ENABLE_OBJC_WEAK = YES;
				CLANG_WARN_BLOCK_CAPTURE_AUTORELEASING = YES;
				CLANG_WARN_BOOL_CONVERSION = YES;
				CLANG_WARN_COMMA = YES;
				CLANG_WARN_CONSTANT_CONVERSION = YES;
				CLANG_WARN_DEPRECATED_OBJC_IMPLEMENTATIONS = YES;
				CLANG_WARN_DIRECT_OBJC_ISA_USAGE = YES_ERROR;
				CLANG_WARN_DOCUMENTATION_COMMENTS = YES;
				CLANG_WARN_EMPTY_BODY = YES;
				CLANG_WARN_ENUM_CONVERSION = YES;
				CLANG_WARN_INFINITE_RECURSION = YES;
				CLANG_WARN_INT_CONVERSION = YES;
				CLANG_WARN_NON_LITERAL_NULL_CONVERSION = YES;
				CLANG_WARN_OBJC_IMPLICIT_RETAIN_SELF = YES;
				CLANG_WARN_OBJC_LITERAL_CONVERSION = YES;
				CLANG_WARN_OBJC_ROOT_CLASS = YES_ERROR;
				CLANG_WARN_QUOTED_INCLUDE_IN_FRAMEWORK_HEADER = YES;
				CLANG_WARN_RANGE_LOOP_ANALYSIS = YES;
				CLANG_WARN_STRICT_PROTOTYPES = YES;
				CLANG_WARN_SUSPICIOUS_MOVE = YES;
				CLANG_WARN_UNGUARDED_AVAILABILITY = YES_AGGRESSIVE;
				CLANG_WARN_UNREACHABLE_CODE = YES;
				CLANG_WARN__DUPLICATE_METHOD_MATCH = YES;
				COPY_PHASE_STRIP = NO;
				DEBUG_INFORMATION_FORMAT = "dwarf-with-dsym";
				ENABLE_NS_ASSERTIONS = NO;
				ENABLE_STRICT_OBJC_MSGSEND = YES;
				GCC_C_LANGUAGE_STANDARD = gnu11;
				GCC_NO_COMMON_BLOCKS = YES;
				GCC_WARN_64_TO_32_BIT_CONVERSION = YES;
				GCC_WARN_ABOUT_RETURN_TYPE = YES_ERROR;
				GCC_WARN_UNDECLARED_SELECTOR = YES;
				GCC_WARN_UNINITIALIZED_AUTOS = YES_AGGRESSIVE;
				GCC_WARN_UNUSED_FUNCTION = YES;
				GCC_WARN_UNUSED_VARIABLE = YES;
				IPHONEOS_DEPLOYMENT_TARGET = 14.3;
				MTL_ENABLE_DEBUG_INFO = NO;
				MTL_FAST_MATH = YES;
				SDKROOT = iphoneos;
				SWIFT_COMPILATION_MODE = wholemodule;
				SWIFT_OPTIMIZATION_LEVEL = "-O";
				VALIDATE_PRODUCT = YES;
			};
			name = Release;
		};
		B761708F25C1996D0023502A /* Debug */ = {
			isa = XCBuildConfiguration;
			buildSettings = {
				ASSETCATALOG_COMPILER_APPICON_NAME = AppIcon;
				ASSETCATALOG_COMPILER_GLOBAL_ACCENT_COLOR_NAME = AccentColor;
				CODE_SIGN_STYLE = Automatic;
				DEVELOPMENT_TEAM = N5D87AV9NX;
				INFOPLIST_FILE = App/Info.plist;
				IPHONEOS_DEPLOYMENT_TARGET = 14.3;
				LD_RUNPATH_SEARCH_PATHS = (
					"$(inherited)",
					"@executable_path/Frameworks",
				);
				PRODUCT_BUNDLE_IDENTIFIER = com.mx.EmpatReddit;
				PRODUCT_NAME = "$(TARGET_NAME)";
				SWIFT_VERSION = 5.0;
				TARGETED_DEVICE_FAMILY = 1;
			};
			name = Debug;
		};
		B761709025C1996D0023502A /* Release */ = {
			isa = XCBuildConfiguration;
			buildSettings = {
				ASSETCATALOG_COMPILER_APPICON_NAME = AppIcon;
				ASSETCATALOG_COMPILER_GLOBAL_ACCENT_COLOR_NAME = AccentColor;
				CODE_SIGN_STYLE = Automatic;
				DEVELOPMENT_TEAM = N5D87AV9NX;
				INFOPLIST_FILE = App/Info.plist;
				IPHONEOS_DEPLOYMENT_TARGET = 14.3;
				LD_RUNPATH_SEARCH_PATHS = (
					"$(inherited)",
					"@executable_path/Frameworks",
				);
				PRODUCT_BUNDLE_IDENTIFIER = com.mx.EmpatReddit;
				PRODUCT_NAME = "$(TARGET_NAME)";
				SWIFT_VERSION = 5.0;
				TARGETED_DEVICE_FAMILY = 1;
			};
			name = Release;
		};
/* End XCBuildConfiguration section */

/* Begin XCConfigurationList section */
		B761707525C1996B0023502A /* Build configuration list for PBXProject "App" */ = {
			isa = XCConfigurationList;
			buildConfigurations = (
				B761708C25C1996D0023502A /* Debug */,
				B761708D25C1996D0023502A /* Release */,
			);
			defaultConfigurationIsVisible = 0;
			defaultConfigurationName = Release;
		};
		B761708E25C1996D0023502A /* Build configuration list for PBXNativeTarget "App" */ = {
			isa = XCConfigurationList;
			buildConfigurations = (
				B761708F25C1996D0023502A /* Debug */,
				B761709025C1996D0023502A /* Release */,
			);
			defaultConfigurationIsVisible = 0;
			defaultConfigurationName = Release;
		};
/* End XCConfigurationList section */

/* Begin XCSwiftPackageProductDependency section */
		B75B492A25C3593C00F475DC /* TrueDateFormatter */ = {
			isa = XCSwiftPackageProductDependency;
			productName = TrueDateFormatter;
		};
		B77D3E3125C2C02000DD2809 /* LoadingImageView */ = {
			isa = XCSwiftPackageProductDependency;
			productName = LoadingImageView;
		};
/* End XCSwiftPackageProductDependency section */
	};
	rootObject = B761707225C1996B0023502A /* Project object */;
}
